// !$*UTF8*$!
{
	archiveVersion = 1;
	classes = {
	};
	objectVersion = 56;
	objects = {

/* Begin PBXBuildFile section */
		DD7A744729EE74D900B22A81 /* PageViewController.swift in Sources */ = {isa = PBXBuildFile; fileRef = DD7A744629EE74D900B22A81 /* PageViewController.swift */; };
		DDA20A1C29EEC9420044DFAC /* YellowViewController.swift in Sources */ = {isa = PBXBuildFile; fileRef = DDA20A1B29EEC9420044DFAC /* YellowViewController.swift */; };
		DDA9910829ED2E29009CA910 /* AppDelegate.swift in Sources */ = {isa = PBXBuildFile; fileRef = DDA9910729ED2E29009CA910 /* AppDelegate.swift */; };
		DDA9910A29ED2E29009CA910 /* SceneDelegate.swift in Sources */ = {isa = PBXBuildFile; fileRef = DDA9910929ED2E29009CA910 /* SceneDelegate.swift */; };
		DDA9910C29ED2E29009CA910 /* ViewController.swift in Sources */ = {isa = PBXBuildFile; fileRef = DDA9910B29ED2E29009CA910 /* ViewController.swift */; };
		DDA9910F29ED2E29009CA910 /* Main.storyboard in Resources */ = {isa = PBXBuildFile; fileRef = DDA9910D29ED2E29009CA910 /* Main.storyboard */; };
		DDA9911129ED2E2A009CA910 /* Assets.xcassets in Resources */ = {isa = PBXBuildFile; fileRef = DDA9911029ED2E2A009CA910 /* Assets.xcassets */; };
		DDA9911429ED2E2A009CA910 /* LaunchScreen.storyboard in Resources */ = {isa = PBXBuildFile; fileRef = DDA9911229ED2E2A009CA910 /* LaunchScreen.storyboard */; };
/* End PBXBuildFile section */

/* Begin PBXFileReference section */
		DD7A744629EE74D900B22A81 /* PageViewController.swift */ = {isa = PBXFileReference; lastKnownFileType = sourcecode.swift; path = PageViewController.swift; sourceTree = "<group>"; };
		DDA20A1B29EEC9420044DFAC /* YellowViewController.swift */ = {isa = PBXFileReference; lastKnownFileType = sourcecode.swift; path = YellowViewController.swift; sourceTree = "<group>"; };
		DDA9910429ED2E29009CA910 /* VistasYControlesDeNavegacion.app */ = {isa = PBXFileReference; explicitFileType = wrapper.application; includeInIndex = 0; path = VistasYControlesDeNavegacion.app; sourceTree = BUILT_PRODUCTS_DIR; };
		DDA9910729ED2E29009CA910 /* AppDelegate.swift */ = {isa = PBXFileReference; lastKnownFileType = sourcecode.swift; path = AppDelegate.swift; sourceTree = "<group>"; };
		DDA9910929ED2E29009CA910 /* SceneDelegate.swift */ = {isa = PBXFileReference; lastKnownFileType = sourcecode.swift; path = SceneDelegate.swift; sourceTree = "<group>"; };
		DDA9910B29ED2E29009CA910 /* ViewController.swift */ = {isa = PBXFileReference; lastKnownFileType = sourcecode.swift; path = ViewController.swift; sourceTree = "<group>"; };
		DDA9910E29ED2E29009CA910 /* Base */ = {isa = PBXFileReference; lastKnownFileType = file.storyboard; name = Base; path = Base.lproj/Main.storyboard; sourceTree = "<group>"; };
		DDA9911029ED2E2A009CA910 /* Assets.xcassets */ = {isa = PBXFileReference; lastKnownFileType = folder.assetcatalog; path = Assets.xcassets; sourceTree = "<group>"; };
		DDA9911329ED2E2A009CA910 /* Base */ = {isa = PBXFileReference; lastKnownFileType = file.storyboard; name = Base; path = Base.lproj/LaunchScreen.storyboard; sourceTree = "<group>"; };
		DDA9911529ED2E2A009CA910 /* Info.plist */ = {isa = PBXFileReference; lastKnownFileType = text.plist.xml; path = Info.plist; sourceTree = "<group>"; };
/* End PBXFileReference section */

/* Begin PBXFrameworksBuildPhase section */
		DDA9910129ED2E29009CA910 /* Frameworks */ = {
			isa = PBXFrameworksBuildPhase;
			buildActionMask = 2147483647;
			files = (
			);
			runOnlyForDeploymentPostprocessing = 0;
		};
/* End PBXFrameworksBuildPhase section */

/* Begin PBXGroup section */
		DDA990FB29ED2E29009CA910 = {
			isa = PBXGroup;
			children = (
				DDA9910629ED2E29009CA910 /* VistasYControlesDeNavegacion */,
				DDA9910529ED2E29009CA910 /* Products */,
			);
			sourceTree = "<group>";
		};
		DDA9910529ED2E29009CA910 /* Products */ = {
			isa = PBXGroup;
			children = (
				DDA9910429ED2E29009CA910 /* VistasYControlesDeNavegacion.app */,
			);
			name = Products;
			sourceTree = "<group>";
		};
		DDA9910629ED2E29009CA910 /* VistasYControlesDeNavegacion */ = {
			isa = PBXGroup;
			children = (
				DDA9910729ED2E29009CA910 /* AppDelegate.swift */,
				DDA9910929ED2E29009CA910 /* SceneDelegate.swift */,
				DDA9910B29ED2E29009CA910 /* ViewController.swift */,
				DDA9910D29ED2E29009CA910 /* Main.storyboard */,
				DDA9911029ED2E2A009CA910 /* Assets.xcassets */,
				DDA9911229ED2E2A009CA910 /* LaunchScreen.storyboard */,
				DDA9911529ED2E2A009CA910 /* Info.plist */,
				DD7A744629EE74D900B22A81 /* PageViewController.swift */,
				DDA20A1B29EEC9420044DFAC /* YellowViewController.swift */,
			);
			path = VistasYControlesDeNavegacion;
			sourceTree = "<group>";
		};
/* End PBXGroup section */

/* Begin PBXNativeTarget section */
		DDA9910329ED2E29009CA910 /* VistasYControlesDeNavegacion */ = {
			isa = PBXNativeTarget;
			buildConfigurationList = DDA9911829ED2E2A009CA910 /* Build configuration list for PBXNativeTarget "VistasYControlesDeNavegacion" */;
			buildPhases = (
				DDA9910029ED2E29009CA910 /* Sources */,
				DDA9910129ED2E29009CA910 /* Frameworks */,
				DDA9910229ED2E29009CA910 /* Resources */,
			);
			buildRules = (
			);
			dependencies = (
			);
			name = VistasYControlesDeNavegacion;
			productName = VistasYControlesDeNavegacion;
			productReference = DDA9910429ED2E29009CA910 /* VistasYControlesDeNavegacion.app */;
			productType = "com.apple.product-type.application";
		};
/* End PBXNativeTarget section */

/* Begin PBXProject section */
		DDA990FC29ED2E29009CA910 /* Project object */ = {
			isa = PBXProject;
			attributes = {
				BuildIndependentTargetsInParallel = 1;
				LastSwiftUpdateCheck = 1420;
				LastUpgradeCheck = 1420;
				TargetAttributes = {
					DDA9910329ED2E29009CA910 = {
						CreatedOnToolsVersion = 14.2;
					};
				};
			};
			buildConfigurationList = DDA990FF29ED2E29009CA910 /* Build configuration list for PBXProject "VistasYControlesDeNavegacion" */;
			compatibilityVersion = "Xcode 14.0";
			developmentRegion = en;
			hasScannedForEncodings = 0;
			knownRegions = (
				en,
				Base,
			);
			mainGroup = DDA990FB29ED2E29009CA910;
			productRefGroup = DDA9910529ED2E29009CA910 /* Products */;
			projectDirPath = "";
			projectRoot = "";
			targets = (
				DDA9910329ED2E29009CA910 /* VistasYControlesDeNavegacion */,
			);
		};
/* End PBXProject section */

/* Begin PBXResourcesBuildPhase section */
		DDA9910229ED2E29009CA910 /* Resources */ = {
			isa = PBXResourcesBuildPhase;
			buildActionMask = 2147483647;
			files = (
				DDA9911429ED2E2A009CA910 /* LaunchScreen.storyboard in Resources */,
				DDA9911129ED2E2A009CA910 /* Assets.xcassets in Resources */,
				DDA9910F29ED2E29009CA910 /* Main.storyboard in Resources */,
			);
			runOnlyForDeploymentPostprocessing = 0;
		};
/* End PBXResourcesBuildPhase section */

/* Begin PBXSourcesBuildPhase section */
		DDA9910029ED2E29009CA910 /* Sources */ = {
			isa = PBXSourcesBuildPhase;
			buildActionMask = 2147483647;
			files = (
				DDA9910C29ED2E29009CA910 /* ViewController.swift in Sources */,
				DDA9910829ED2E29009CA910 /* AppDelegate.swift in Sources */,
				DDA9910A29ED2E29009CA910 /* SceneDelegate.swift in Sources */,
				DD7A744729EE74D900B22A81 /* PageViewController.swift in Sources */,
				DDA20A1C29EEC9420044DFAC /* YellowViewController.swift in Sources */,
			);
			runOnlyForDeploymentPostprocessing = 0;
		};
/* End PBXSourcesBuildPhase section */

/* Begin PBXVariantGroup section */
		DDA9910D29ED2E29009CA910 /* Main.storyboard */ = {
			isa = PBXVariantGroup;
			children = (
				DDA9910E29ED2E29009CA910 /* Base */,
			);
			name = Main.storyboard;
			sourceTree = "<group>";
		};
		DDA9911229ED2E2A009CA910 /* LaunchScreen.storyboard */ = {
			isa = PBXVariantGroup;
			children = (
				DDA9911329ED2E2A009CA910 /* Base */,
			);
			name = LaunchScreen.storyboard;
			sourceTree = "<group>";
		};
/* End PBXVariantGroup section */

/* Begin XCBuildConfiguration section */
		DDA9911629ED2E2A009CA910 /* Debug */ = {
			isa = XCBuildConfiguration;
			buildSettings = {
				ALWAYS_SEARCH_USER_PATHS = NO;
				CLANG_ANALYZER_NONNULL = YES;
				CLANG_ANALYZER_NUMBER_OBJECT_CONVERSION = YES_AGGRESSIVE;
				CLANG_CXX_LANGUAGE_STANDARD = "gnu++20";
				CLANG_ENABLE_MODULES = YES;
				CLANG_ENABLE_OBJC_ARC = YES;
				CLANG_ENABLE_OBJC_WEAK = YES;
				CLANG_WARN_BLOCK_CAPTURE_AUTORELEASING = YES;
				CLANG_WARN_BOOL_CONVERSION = YES;
				CLANG_WARN_COMMA = YES;
				CLANG_WARN_CONSTANT_CONVERSION = YES;
				CLANG_WARN_DEPRECATED_OBJC_IMPLEMENTATIONS = YES;
				CLANG_WARN_DIRECT_OBJC_ISA_USAGE = YES_ERROR;
				CLANG_WARN_DOCUMENTATION_COMMENTS = YES;
				CLANG_WARN_EMPTY_BODY = YES;
				CLANG_WARN_ENUM_CONVERSION = YES;
				CLANG_WARN_INFINITE_RECURSION = YES;
				CLANG_WARN_INT_CONVERSION = YES;
				CLANG_WARN_NON_LITERAL_NULL_CONVERSION = YES;
				CLANG_WARN_OBJC_IMPLICIT_RETAIN_SELF = YES;
				CLANG_WARN_OBJC_LITERAL_CONVERSION = YES;
				CLANG_WARN_OBJC_ROOT_CLASS = YES_ERROR;
				CLANG_WARN_QUOTED_INCLUDE_IN_FRAMEWORK_HEADER = YES;
				CLANG_WARN_RANGE_LOOP_ANALYSIS = YES;
				CLANG_WARN_STRICT_PROTOTYPES = YES;
				CLANG_WARN_SUSPICIOUS_MOVE = YES;
				CLANG_WARN_UNGUARDED_AVAILABILITY = YES_AGGRESSIVE;
				CLANG_WARN_UNREACHABLE_CODE = YES;
				CLANG_WARN__DUPLICATE_METHOD_MATCH = YES;
				COPY_PHASE_STRIP = NO;
				DEBUG_INFORMATION_FORMAT = dwarf;
				ENABLE_STRICT_OBJC_MSGSEND = YES;
				ENABLE_TESTABILITY = YES;
				GCC_C_LANGUAGE_STANDARD = gnu11;
				GCC_DYNAMIC_NO_PIC = NO;
				GCC_NO_COMMON_BLOCKS = YES;
				GCC_OPTIMIZATION_LEVEL = 0;
				GCC_PREPROCESSOR_DEFINITIONS = (
					"DEBUG=1",
					"$(inherited)",
				);
				GCC_WARN_64_TO_32_BIT_CONVERSION = YES;
				GCC_WARN_ABOUT_RETURN_TYPE = YES_ERROR;
				GCC_WARN_UNDECLARED_SELECTOR = YES;
				GCC_WARN_UNINITIALIZED_AUTOS = YES_AGGRESSIVE;
				GCC_WARN_UNUSED_FUNCTION = YES;
				GCC_WARN_UNUSED_VARIABLE = YES;
				IPHONEOS_DEPLOYMENT_TARGET = 16.2;
				MTL_ENABLE_DEBUG_INFO = INCLUDE_SOURCE;
				MTL_FAST_MATH = YES;
				ONLY_ACTIVE_ARCH = YES;
				SDKROOT = iphoneos;
				SWIFT_ACTIVE_COMPILATION_CONDITIONS = DEBUG;
				SWIFT_OPTIMIZATION_LEVEL = "-Onone";
			};
			name = Debug;
		};
		DDA9911729ED2E2A009CA910 /* Release */ = {
			isa = XCBuildConfiguration;
			buildSettings = {
				ALWAYS_SEARCH_USER_PATHS = NO;
				CLANG_ANALYZER_NONNULL = YES;
				CLANG_ANALYZER_NUMBER_OBJECT_CONVERSION = YES_AGGRESSIVE;
				CLANG_CXX_LANGUAGE_STANDARD = "gnu++20";
				CLANG_ENABLE_MODULES = YES;
				CLANG_ENABLE_OBJC_ARC = YES;
				CLANG_ENABLE_OBJC_WEAK = YES;
				CLANG_WARN_BLOCK_CAPTURE_AUTORELEASING = YES;
				CLANG_WARN_BOOL_CONVERSION = YES;
				CLANG_WARN_COMMA = YES;
				CLANG_WARN_CONSTANT_CONVERSION = YES;
				CLANG_WARN_DEPRECATED_OBJC_IMPLEMENTATIONS = YES;
				CLANG_WARN_DIRECT_OBJC_ISA_USAGE = YES_ERROR;
				CLANG_WARN_DOCUMENTATION_COMMENTS = YES;
				CLANG_WARN_EMPTY_BODY = YES;
				CLANG_WARN_ENUM_CONVERSION = YES;
				CLANG_WARN_INFINITE_RECURSION = YES;
				CLANG_WARN_INT_CONVERSION = YES;
				CLANG_WARN_NON_LITERAL_NULL_CONVERSION = YES;
				CLANG_WARN_OBJC_IMPLICIT_RETAIN_SELF = YES;
				CLANG_WARN_OBJC_LITERAL_CONVERSION = YES;
				CLANG_WARN_OBJC_ROOT_CLASS = YES_ERROR;
				CLANG_WARN_QUOTED_INCLUDE_IN_FRAMEWORK_HEADER = YES;
				CLANG_WARN_RANGE_LOOP_ANALYSIS = YES;
				CLANG_WARN_STRICT_PROTOTYPES = YES;
				CLANG_WARN_SUSPICIOUS_MOVE = YES;
				CLANG_WARN_UNGUARDED_AVAILABILITY = YES_AGGRESSIVE;
				CLANG_WARN_UNREACHABLE_CODE = YES;
				CLANG_WARN__DUPLICATE_METHOD_MATCH = YES;
				COPY_PHASE_STRIP = NO;
				DEBUG_INFORMATION_FORMAT = "dwarf-with-dsym";
				ENABLE_NS_ASSERTIONS = NO;
				ENABLE_STRICT_OBJC_MSGSEND = YES;
				GCC_C_LANGUAGE_STANDARD = gnu11;
				GCC_NO_COMMON_BLOCKS = YES;
				GCC_WARN_64_TO_32_BIT_CONVERSION = YES;
				GCC_WARN_ABOUT_RETURN_TYPE = YES_ERROR;
				GCC_WARN_UNDECLARED_SELECTOR = YES;
				GCC_WARN_UNINITIALIZED_AUTOS = YES_AGGRESSIVE;
				GCC_WARN_UNUSED_FUNCTION = YES;
				GCC_WARN_UNUSED_VARIABLE = YES;
				IPHONEOS_DEPLOYMENT_TARGET = 16.2;
				MTL_ENABLE_DEBUG_INFO = NO;
				MTL_FAST_MATH = YES;
				SDKROOT = iphoneos;
				SWIFT_COMPILATION_MODE = wholemodule;
				SWIFT_OPTIMIZATION_LEVEL = "-O";
				VALIDATE_PRODUCT = YES;
			};
			name = Release;
		};
		DDA9911929ED2E2A009CA910 /* Debug */ = {
			isa = XCBuildConfiguration;
			buildSettings = {
				ASSETCATALOG_COMPILER_APPICON_NAME = AppIcon;
				ASSETCATALOG_COMPILER_GLOBAL_ACCENT_COLOR_NAME = AccentColor;
				CODE_SIGN_STYLE = Automatic;
				CURRENT_PROJECT_VERSION = 1;
				DEVELOPMENT_TEAM = 2SD7KFKBQX;
				GENERATE_INFOPLIST_FILE = YES;
				INFOPLIST_FILE = VistasYControlesDeNavegacion/Info.plist;
				INFOPLIST_KEY_UIApplicationSupportsIndirectInputEvents = YES;
				INFOPLIST_KEY_UILaunchStoryboardName = LaunchScreen;
				INFOPLIST_KEY_UIMainStoryboardFile = Main;
				INFOPLIST_KEY_UISupportedInterfaceOrientations_iPad = "UIInterfaceOrientationPortrait UIInterfaceOrientationPortraitUpsideDown UIInterfaceOrientationLandscapeLeft UIInterfaceOrientationLandscapeRight";
				INFOPLIST_KEY_UISupportedInterfaceOrientations_iPhone = "UIInterfaceOrientationPortrait UIInterfaceOrientationLandscapeLeft UIInterfaceOrientationLandscapeRight";
				LD_RUNPATH_SEARCH_PATHS = (
					"$(inherited)",
					"@executable_path/Frameworks",
				);
				MARKETING_VERSION = 1.0;
				PRODUCT_BUNDLE_IDENTIFIER = com.elm.VistasYControlesDeNavegacion;
				PRODUCT_NAME = "$(TARGET_NAME)";
				SWIFT_EMIT_LOC_STRINGS = YES;
				SWIFT_VERSION = 5.0;
				TARGETED_DEVICE_FAMILY = "1,2";
			};
			name = Debug;
		};
		DDA9911A29ED2E2A009CA910 /* Release */ = {
			isa = XCBuildConfiguration;
			buildSettings = {
				ASSETCATALOG_COMPILER_APPICON_NAME = AppIcon;
				ASSETCATALOG_COMPILER_GLOBAL_ACCENT_COLOR_NAME = AccentColor;
				CODE_SIGN_STYLE = Automatic;
				CURRENT_PROJECT_VERSION = 1;
				DEVELOPMENT_TEAM = 2SD7KFKBQX;
				GENERATE_INFOPLIST_FILE = YES;
				INFOPLIST_FILE = VistasYControlesDeNavegacion/Info.plist;
				INFOPLIST_KEY_UIApplicationSupportsIndirectInputEvents = YES;
				INFOPLIST_KEY_UILaunchStoryboardName = LaunchScreen;
				INFOPLIST_KEY_UIMainStoryboardFile = Main;
				INFOPLIST_KEY_UISupportedInterfaceOrientations_iPad = "UIInterfaceOrientationPortrait UIInterfaceOrientationPortraitUpsideDown UIInterfaceOrientationLandscapeLeft UIInterfaceOrientationLandscapeRight";
				INFOPLIST_KEY_UISupportedInterfaceOrientations_iPhone = "UIInterfaceOrientationPortrait UIInterfaceOrientationLandscapeLeft UIInterfaceOrientationLandscapeRight";
				LD_RUNPATH_SEARCH_PATHS = (
					"$(inherited)",
					"@executable_path/Frameworks",
				);
				MARKETING_VERSION = 1.0;
				PRODUCT_BUNDLE_IDENTIFIER = com.elm.VistasYControlesDeNavegacion;
				PRODUCT_NAME = "$(TARGET_NAME)";
				SWIFT_EMIT_LOC_STRINGS = YES;
				SWIFT_VERSION = 5.0;
				TARGETED_DEVICE_FAMILY = "1,2";
			};
			name = Release;
		};
/* End XCBuildConfiguration section */

/* Begin XCConfigurationList section */
		DDA990FF29ED2E29009CA910 /* Build configuration list for PBXProject "VistasYControlesDeNavegacion" */ = {
			isa = XCConfigurationList;
			buildConfigurations = (
				DDA9911629ED2E2A009CA910 /* Debug */,
				DDA9911729ED2E2A009CA910 /* Release */,
			);
			defaultConfigurationIsVisible = 0;
			defaultConfigurationName = Release;
		};
		DDA9911829ED2E2A009CA910 /* Build configuration list for PBXNativeTarget "VistasYControlesDeNavegacion" */ = {
			isa = XCConfigurationList;
			buildConfigurations = (
				DDA9911929ED2E2A009CA910 /* Debug */,
				DDA9911A29ED2E2A009CA910 /* Release */,
			);
			defaultConfigurationIsVisible = 0;
			defaultConfigurationName = Release;
		};
/* End XCConfigurationList section */
	};
	rootObject = DDA990FC29ED2E29009CA910 /* Project object */;
}
